# This file is automatically @generated by Cargo.
# It is not intended for manual editing.
version = 4

[[package]]
name = "asa-ast"
version = "0.1.0"

[[package]]
name = "asa-codegen"
version = "0.1.0"
dependencies = [
 "asa-ast",
]

[[package]]
name = "asa-driver"
version = "0.1.0"
dependencies = [
 "asa-codegen",
 "asa-lexer",
 "asa-parser",
]

[[package]]
name = "asa-lexer"
version = "0.1.0"

[[package]]
name = "asa-parser"
version = "0.1.0"
dependencies = [
 "asa-ast",
 "asa-lexer",
]
